
Microsoft Visual Studio Solution File, Format Version 12.00
# Visual Studio Version 16
VisualStudioVersion = 16.0.29424.173
MinimumVisualStudioVersion = 10.0.40219.1
Project("{FAE04EC0-301F-11D3-BF4B-00C04F79EFBC}") = "Synthesizer_PC_control", "Synthesizer_PC_control.csproj", "{37940797-7FEF-49C6-AB7F-967FF66D0F31}"
EndProject
Global
	GlobalSection(SolutionConfigurationPlatforms) = preSolution
		Debug|Any CPU = Debug|Any CPU
		Release|Any CPU = Release|Any CPU
	EndGlobalSection
	GlobalSection(ProjectConfigurationPlatforms) = postSolution
		{37940797-7FEF-49C6-AB7F-967FF66D0F31}.Debug|Any CPU.ActiveCfg = Debug|Any CPU
		{37940797-7FEF-49C6-AB7F-967FF66D0F31}.Debug|Any CPU.Build.0 = Debug|Any CPU
		{37940797-7FEF-49C6-AB7F-967FF66D0F31}.Release|Any CPU.ActiveCfg = Release|Any CPU
		{37940797-7FEF-49C6-AB7F-967FF66D0F31}.Release|Any CPU.Build.0 = Release|Any CPU
	EndGlobalSection
	GlobalSection(SolutionProperties) = preSolution
		HideSolutionNode = FALSE
	EndGlobalSection
	GlobalSection(ExtensibilityGlobals) = postSolution
		SolutionGuid = {0006807C-C513-4829-9920-4B946A3D3AB8}
	EndGlobalSection
EndGlobal
